
Microsoft Visual Studio Solution File, Format Version 12.00
# Visual Studio 14
VisualStudioVersion = 14.0.25420.1
MinimumVisualStudioVersion = 10.0.40219.1
Project("{FAE04EC0-301F-11D3-BF4B-00C04F79EFBC}") = "GitAll.Android", "GitAll\GitAll.Android\GitAll.Android.csproj", "{84CFAAB7-C458-4C21-993A-56F0ADF7CAF1}"
EndProject
Project("{FAE04EC0-301F-11D3-BF4B-00C04F79EFBC}") = "GitAll.Views", "GitAll\GitAll\GitAll.Views.csproj", "{3DFA507E-E994-4EE4-A9EA-81683579C7BF}"
EndProject
Project("{FAE04EC0-301F-11D3-BF4B-00C04F79EFBC}") = "GitAll.UWP", "GitAll\GitAll.UWP\GitAll.UWP.csproj", "{BC85B422-31E2-4E34-9A0F-C1C9C9A3B407}"
EndProject
Project("{FAE04EC0-301F-11D3-BF4B-00C04F79EFBC}") = "GitAll.iOS", "GitAll\GitAll.iOS\GitAll.iOS.csproj", "{D8EA6C15-D0C0-450C-A3AB-0DF2EEBD98D0}"
EndProject
Project("{FAE04EC0-301F-11D3-BF4B-00C04F79EFBC}") = "GitAll.Core", "GitAll.Core\GitAll.Core.csproj", "{C99C91B6-23DA-4F5B-8FB9-68897091A32A}"
EndProject
Global
	GlobalSection(SolutionConfigurationPlatforms) = preSolution
		Ad-Hoc|Any CPU = Ad-Hoc|Any CPU
		Ad-Hoc|ARM = Ad-Hoc|ARM
		Ad-Hoc|iPhone = Ad-Hoc|iPhone
		Ad-Hoc|iPhoneSimulator = Ad-Hoc|iPhoneSimulator
		Ad-Hoc|x64 = Ad-Hoc|x64
		Ad-Hoc|x86 = Ad-Hoc|x86
		AppStore|Any CPU = AppStore|Any CPU
		AppStore|ARM = AppStore|ARM
		AppStore|iPhone = AppStore|iPhone
		AppStore|iPhoneSimulator = AppStore|iPhoneSimulator
		AppStore|x64 = AppStore|x64
		AppStore|x86 = AppStore|x86
		Debug|Any CPU = Debug|Any CPU
		Debug|ARM = Debug|ARM
		Debug|iPhone = Debug|iPhone
		Debug|iPhoneSimulator = Debug|iPhoneSimulator
		Debug|x64 = Debug|x64
		Debug|x86 = Debug|x86
		Release|Any CPU = Release|Any CPU
		Release|ARM = Release|ARM
		Release|iPhone = Release|iPhone
		Release|iPhoneSimulator = Release|iPhoneSimulator
		Release|x64 = Release|x64
		Release|x86 = Release|x86
	EndGlobalSection
	GlobalSection(ProjectConfigurationPlatforms) = postSolution
		{84CFAAB7-C458-4C21-993A-56F0ADF7CAF1}.Ad-Hoc|Any CPU.ActiveCfg = Release|Any CPU
		{84CFAAB7-C458-4C21-993A-56F0ADF7CAF1}.Ad-Hoc|Any CPU.Build.0 = Release|Any CPU
		{84CFAAB7-C458-4C21-993A-56F0ADF7CAF1}.Ad-Hoc|Any CPU.Deploy.0 = Release|Any CPU
		{84CFAAB7-C458-4C21-993A-56F0ADF7CAF1}.Ad-Hoc|ARM.ActiveCfg = Release|Any CPU
		{84CFAAB7-C458-4C21-993A-56F0ADF7CAF1}.Ad-Hoc|ARM.Build.0 = Release|Any CPU
		{84CFAAB7-C458-4C21-993A-56F0ADF7CAF1}.Ad-Hoc|ARM.Deploy.0 = Release|Any CPU
		{84CFAAB7-C458-4C21-993A-56F0ADF7CAF1}.Ad-Hoc|iPhone.ActiveCfg = Release|Any CPU
		{84CFAAB7-C458-4C21-993A-56F0ADF7CAF1}.Ad-Hoc|iPhone.Build.0 = Release|Any CPU
		{84CFAAB7-C458-4C21-993A-56F0ADF7CAF1}.Ad-Hoc|iPhone.Deploy.0 = Release|Any CPU
		{84CFAAB7-C458-4C21-993A-56F0ADF7CAF1}.Ad-Hoc|iPhoneSimulator.ActiveCfg = Release|Any CPU
		{84CFAAB7-C458-4C21-993A-56F0ADF7CAF1}.Ad-Hoc|iPhoneSimulator.Build.0 = Release|Any CPU
		{84CFAAB7-C458-4C21-993A-56F0ADF7CAF1}.Ad-Hoc|iPhoneSimulator.Deploy.0 = Release|Any CPU
		{84CFAAB7-C458-4C21-993A-56F0ADF7CAF1}.Ad-Hoc|x64.ActiveCfg = Release|Any CPU
		{84CFAAB7-C458-4C21-993A-56F0ADF7CAF1}.Ad-Hoc|x64.Build.0 = Release|Any CPU
		{84CFAAB7-C458-4C21-993A-56F0ADF7CAF1}.Ad-Hoc|x64.Deploy.0 = Release|Any CPU
		{84CFAAB7-C458-4C21-993A-56F0ADF7CAF1}.Ad-Hoc|x86.ActiveCfg = Release|Any CPU
		{84CFAAB7-C458-4C21-993A-56F0ADF7CAF1}.Ad-Hoc|x86.Build.0 = Release|Any CPU
		{84CFAAB7-C458-4C21-993A-56F0ADF7CAF1}.Ad-Hoc|x86.Deploy.0 = Release|Any CPU
		{84CFAAB7-C458-4C21-993A-56F0ADF7CAF1}.AppStore|Any CPU.ActiveCfg = Release|Any CPU
		{84CFAAB7-C458-4C21-993A-56F0ADF7CAF1}.AppStore|Any CPU.Build.0 = Release|Any CPU
		{84CFAAB7-C458-4C21-993A-56F0ADF7CAF1}.AppStore|Any CPU.Deploy.0 = Release|Any CPU
		{84CFAAB7-C458-4C21-993A-56F0ADF7CAF1}.AppStore|ARM.ActiveCfg = Release|Any CPU
		{84CFAAB7-C458-4C21-993A-56F0ADF7CAF1}.AppStore|ARM.Build.0 = Release|Any CPU
		{84CFAAB7-C458-4C21-993A-56F0ADF7CAF1}.AppStore|ARM.Deploy.0 = Release|Any CPU
		{84CFAAB7-C458-4C21-993A-56F0ADF7CAF1}.AppStore|iPhone.ActiveCfg = Release|Any CPU
		{84CFAAB7-C458-4C21-993A-56F0ADF7CAF1}.AppStore|iPhone.Build.0 = Release|Any CPU
		{84CFAAB7-C458-4C21-993A-56F0ADF7CAF1}.AppStore|iPhone.Deploy.0 = Release|Any CPU
		{84CFAAB7-C458-4C21-993A-56F0ADF7CAF1}.AppStore|iPhoneSimulator.ActiveCfg = Release|Any CPU
		{84CFAAB7-C458-4C21-993A-56F0ADF7CAF1}.AppStore|iPhoneSimulator.Build.0 = Release|Any CPU
		{84CFAAB7-C458-4C21-993A-56F0ADF7CAF1}.AppStore|iPhoneSimulator.Deploy.0 = Release|Any CPU
		{84CFAAB7-C458-4C21-993A-56F0ADF7CAF1}.AppStore|x64.ActiveCfg = Release|Any CPU
		{84CFAAB7-C458-4C21-993A-56F0ADF7CAF1}.AppStore|x64.Build.0 = Release|Any CPU
		{84CFAAB7-C458-4C21-993A-56F0ADF7CAF1}.AppStore|x64.Deploy.0 = Release|Any CPU
		{84CFAAB7-C458-4C21-993A-56F0ADF7CAF1}.AppStore|x86.ActiveCfg = Release|Any CPU
		{84CFAAB7-C458-4C21-993A-56F0ADF7CAF1}.AppStore|x86.Build.0 = Release|Any CPU
		{84CFAAB7-C458-4C21-993A-56F0ADF7CAF1}.AppStore|x86.Deploy.0 = Release|Any CPU
		{84CFAAB7-C458-4C21-993A-56F0ADF7CAF1}.Debug|Any CPU.ActiveCfg = Debug|Any CPU
		{84CFAAB7-C458-4C21-993A-56F0ADF7CAF1}.Debug|Any CPU.Build.0 = Debug|Any CPU
		{84CFAAB7-C458-4C21-993A-56F0ADF7CAF1}.Debug|Any CPU.Deploy.0 = Debug|Any CPU
		{84CFAAB7-C458-4C21-993A-56F0ADF7CAF1}.Debug|ARM.ActiveCfg = Debug|Any CPU
		{84CFAAB7-C458-4C21-993A-56F0ADF7CAF1}.Debug|ARM.Build.0 = Debug|Any CPU
		{84CFAAB7-C458-4C21-993A-56F0ADF7CAF1}.Debug|ARM.Deploy.0 = Debug|Any CPU
		{84CFAAB7-C458-4C21-993A-56F0ADF7CAF1}.Debug|iPhone.ActiveCfg = Debug|Any CPU
		{84CFAAB7-C458-4C21-993A-56F0ADF7CAF1}.Debug|iPhone.Build.0 = Debug|Any CPU
		{84CFAAB7-C458-4C21-993A-56F0ADF7CAF1}.Debug|iPhone.Deploy.0 = Debug|Any CPU
		{84CFAAB7-C458-4C21-993A-56F0ADF7CAF1}.Debug|iPhoneSimulator.ActiveCfg = Debug|Any CPU
		{84CFAAB7-C458-4C21-993A-56F0ADF7CAF1}.Debug|iPhoneSimulator.Build.0 = Debug|Any CPU
		{84CFAAB7-C458-4C21-993A-56F0ADF7CAF1}.Debug|iPhoneSimulator.Deploy.0 = Debug|Any CPU
		{84CFAAB7-C458-4C21-993A-56F0ADF7CAF1}.Debug|x64.ActiveCfg = Debug|Any CPU
		{84CFAAB7-C458-4C21-993A-56F0ADF7CAF1}.Debug|x64.Build.0 = Debug|Any CPU
		{84CFAAB7-C458-4C21-993A-56F0ADF7CAF1}.Debug|x64.Deploy.0 = Debug|Any CPU
		{84CFAAB7-C458-4C21-993A-56F0ADF7CAF1}.Debug|x86.ActiveCfg = Debug|Any CPU
		{84CFAAB7-C458-4C21-993A-56F0ADF7CAF1}.Debug|x86.Build.0 = Debug|Any CPU
		{84CFAAB7-C458-4C21-993A-56F0ADF7CAF1}.Debug|x86.Deploy.0 = Debug|Any CPU
		{84CFAAB7-C458-4C21-993A-56F0ADF7CAF1}.Release|Any CPU.ActiveCfg = Release|Any CPU
		{84CFAAB7-C458-4C21-993A-56F0ADF7CAF1}.Release|Any CPU.Build.0 = Release|Any CPU
		{84CFAAB7-C458-4C21-993A-56F0ADF7CAF1}.Release|Any CPU.Deploy.0 = Release|Any CPU
		{84CFAAB7-C458-4C21-993A-56F0ADF7CAF1}.Release|ARM.ActiveCfg = Release|Any CPU
		{84CFAAB7-C458-4C21-993A-56F0ADF7CAF1}.Release|ARM.Build.0 = Release|Any CPU
		{84CFAAB7-C458-4C21-993A-56F0ADF7CAF1}.Release|ARM.Deploy.0 = Release|Any CPU
		{84CFAAB7-C458-4C21-993A-56F0ADF7CAF1}.Release|iPhone.ActiveCfg = Release|Any CPU
		{84CFAAB7-C458-4C21-993A-56F0ADF7CAF1}.Release|iPhone.Build.0 = Release|Any CPU
		{84CFAAB7-C458-4C21-993A-56F0ADF7CAF1}.Release|iPhone.Deploy.0 = Release|Any CPU
		{84CFAAB7-C458-4C21-993A-56F0ADF7CAF1}.Release|iPhoneSimulator.ActiveCfg = Release|Any CPU
		{84CFAAB7-C458-4C21-993A-56F0ADF7CAF1}.Release|iPhoneSimulator.Build.0 = Release|Any CPU
		{84CFAAB7-C458-4C21-993A-56F0ADF7CAF1}.Release|iPhoneSimulator.Deploy.0 = Release|Any CPU
		{84CFAAB7-C458-4C21-993A-56F0ADF7CAF1}.Release|x64.ActiveCfg = Release|Any CPU
		{84CFAAB7-C458-4C21-993A-56F0ADF7CAF1}.Release|x64.Build.0 = Release|Any CPU
		{84CFAAB7-C458-4C21-993A-56F0ADF7CAF1}.Release|x64.Deploy.0 = Release|Any CPU
		{84CFAAB7-C458-4C21-993A-56F0ADF7CAF1}.Release|x86.ActiveCfg = Release|Any CPU
		{84CFAAB7-C458-4C21-993A-56F0ADF7CAF1}.Release|x86.Build.0 = Release|Any CPU
		{84CFAAB7-C458-4C21-993A-56F0ADF7CAF1}.Release|x86.Deploy.0 = Release|Any CPU
		{3DFA507E-E994-4EE4-A9EA-81683579C7BF}.Ad-Hoc|Any CPU.ActiveCfg = Release|Any CPU
		{3DFA507E-E994-4EE4-A9EA-81683579C7BF}.Ad-Hoc|Any CPU.Build.0 = Release|Any CPU
		{3DFA507E-E994-4EE4-A9EA-81683579C7BF}.Ad-Hoc|ARM.ActiveCfg = Release|Any CPU
		{3DFA507E-E994-4EE4-A9EA-81683579C7BF}.Ad-Hoc|ARM.Build.0 = Release|Any CPU
		{3DFA507E-E994-4EE4-A9EA-81683579C7BF}.Ad-Hoc|iPhone.ActiveCfg = Release|Any CPU
		{3DFA507E-E994-4EE4-A9EA-81683579C7BF}.Ad-Hoc|iPhone.Build.0 = Release|Any CPU
		{3DFA507E-E994-4EE4-A9EA-81683579C7BF}.Ad-Hoc|iPhoneSimulator.ActiveCfg = Release|Any CPU
		{3DFA507E-E994-4EE4-A9EA-81683579C7BF}.Ad-Hoc|iPhoneSimulator.Build.0 = Release|Any CPU
		{3DFA507E-E994-4EE4-A9EA-81683579C7BF}.Ad-Hoc|x64.ActiveCfg = Release|Any CPU
		{3DFA507E-E994-4EE4-A9EA-81683579C7BF}.Ad-Hoc|x64.Build.0 = Release|Any CPU
		{3DFA507E-E994-4EE4-A9EA-81683579C7BF}.Ad-Hoc|x86.ActiveCfg = Release|Any CPU
		{3DFA507E-E994-4EE4-A9EA-81683579C7BF}.Ad-Hoc|x86.Build.0 = Release|Any CPU
		{3DFA507E-E994-4EE4-A9EA-81683579C7BF}.AppStore|Any CPU.ActiveCfg = Release|Any CPU
		{3DFA507E-E994-4EE4-A9EA-81683579C7BF}.AppStore|Any CPU.Build.0 = Release|Any CPU
		{3DFA507E-E994-4EE4-A9EA-81683579C7BF}.AppStore|ARM.ActiveCfg = Release|Any CPU
		{3DFA507E-E994-4EE4-A9EA-81683579C7BF}.AppStore|ARM.Build.0 = Release|Any CPU
		{3DFA507E-E994-4EE4-A9EA-81683579C7BF}.AppStore|iPhone.ActiveCfg = Release|Any CPU
		{3DFA507E-E994-4EE4-A9EA-81683579C7BF}.AppStore|iPhone.Build.0 = Release|Any CPU
		{3DFA507E-E994-4EE4-A9EA-81683579C7BF}.AppStore|iPhoneSimulator.ActiveCfg = Release|Any CPU
		{3DFA507E-E994-4EE4-A9EA-81683579C7BF}.AppStore|iPhoneSimulator.Build.0 = Release|Any CPU
		{3DFA507E-E994-4EE4-A9EA-81683579C7BF}.AppStore|x64.ActiveCfg = Release|Any CPU
		{3DFA507E-E994-4EE4-A9EA-81683579C7BF}.AppStore|x64.Build.0 = Release|Any CPU
		{3DFA507E-E994-4EE4-A9EA-81683579C7BF}.AppStore|x86.ActiveCfg = Release|Any CPU
		{3DFA507E-E994-4EE4-A9EA-81683579C7BF}.AppStore|x86.Build.0 = Release|Any CPU
		{3DFA507E-E994-4EE4-A9EA-81683579C7BF}.Debug|Any CPU.ActiveCfg = Debug|Any CPU
		{3DFA507E-E994-4EE4-A9EA-81683579C7BF}.Debug|Any CPU.Build.0 = Debug|Any CPU
		{3DFA507E-E994-4EE4-A9EA-81683579C7BF}.Debug|ARM.ActiveCfg = Debug|Any CPU
		{3DFA507E-E994-4EE4-A9EA-81683579C7BF}.Debug|ARM.Build.0 = Debug|Any CPU
		{3DFA507E-E994-4EE4-A9EA-81683579C7BF}.Debug|iPhone.ActiveCfg = Debug|Any CPU
		{3DFA507E-E994-4EE4-A9EA-81683579C7BF}.Debug|iPhone.Build.0 = Debug|Any CPU
		{3DFA507E-E994-4EE4-A9EA-81683579C7BF}.Debug|iPhoneSimulator.ActiveCfg = Debug|Any CPU
		{3DFA507E-E994-4EE4-A9EA-81683579C7BF}.Debug|iPhoneSimulator.Build.0 = Debug|Any CPU
		{3DFA507E-E994-4EE4-A9EA-81683579C7BF}.Debug|x64.ActiveCfg = Debug|Any CPU
		{3DFA507E-E994-4EE4-A9EA-81683579C7BF}.Debug|x64.Build.0 = Debug|Any CPU
		{3DFA507E-E994-4EE4-A9EA-81683579C7BF}.Debug|x86.ActiveCfg = Debug|Any CPU
		{3DFA507E-E994-4EE4-A9EA-81683579C7BF}.Debug|x86.Build.0 = Debug|Any CPU
		{3DFA507E-E994-4EE4-A9EA-81683579C7BF}.Release|Any CPU.ActiveCfg = Release|Any CPU
		{3DFA507E-E994-4EE4-A9EA-81683579C7BF}.Release|Any CPU.Build.0 = Release|Any CPU
		{3DFA507E-E994-4EE4-A9EA-81683579C7BF}.Release|ARM.ActiveCfg = Release|Any CPU
		{3DFA507E-E994-4EE4-A9EA-81683579C7BF}.Release|ARM.Build.0 = Release|Any CPU
		{3DFA507E-E994-4EE4-A9EA-81683579C7BF}.Release|iPhone.ActiveCfg = Release|Any CPU
		{3DFA507E-E994-4EE4-A9EA-81683579C7BF}.Release|iPhone.Build.0 = Release|Any CPU
		{3DFA507E-E994-4EE4-A9EA-81683579C7BF}.Release|iPhoneSimulator.ActiveCfg = Release|Any CPU
		{3DFA507E-E994-4EE4-A9EA-81683579C7BF}.Release|iPhoneSimulator.Build.0 = Release|Any CPU
		{3DFA507E-E994-4EE4-A9EA-81683579C7BF}.Release|x64.ActiveCfg = Release|Any CPU
		{3DFA507E-E994-4EE4-A9EA-81683579C7BF}.Release|x64.Build.0 = Release|Any CPU
		{3DFA507E-E994-4EE4-A9EA-81683579C7BF}.Release|x86.ActiveCfg = Release|Any CPU
		{3DFA507E-E994-4EE4-A9EA-81683579C7BF}.Release|x86.Build.0 = Release|Any CPU
		{BC85B422-31E2-4E34-9A0F-C1C9C9A3B407}.Ad-Hoc|Any CPU.ActiveCfg = Release|x86
		{BC85B422-31E2-4E34-9A0F-C1C9C9A3B407}.Ad-Hoc|Any CPU.Build.0 = Release|x86
		{BC85B422-31E2-4E34-9A0F-C1C9C9A3B407}.Ad-Hoc|Any CPU.Deploy.0 = Release|x86
		{BC85B422-31E2-4E34-9A0F-C1C9C9A3B407}.Ad-Hoc|ARM.ActiveCfg = Release|ARM
		{BC85B422-31E2-4E34-9A0F-C1C9C9A3B407}.Ad-Hoc|ARM.Build.0 = Release|ARM
		{BC85B422-31E2-4E34-9A0F-C1C9C9A3B407}.Ad-Hoc|ARM.Deploy.0 = Release|ARM
		{BC85B422-31E2-4E34-9A0F-C1C9C9A3B407}.Ad-Hoc|iPhone.ActiveCfg = Release|x86
		{BC85B422-31E2-4E34-9A0F-C1C9C9A3B407}.Ad-Hoc|iPhone.Build.0 = Release|x86
		{BC85B422-31E2-4E34-9A0F-C1C9C9A3B407}.Ad-Hoc|iPhone.Deploy.0 = Release|x86
		{BC85B422-31E2-4E34-9A0F-C1C9C9A3B407}.Ad-Hoc|iPhoneSimulator.ActiveCfg = Release|x86
		{BC85B422-31E2-4E34-9A0F-C1C9C9A3B407}.Ad-Hoc|iPhoneSimulator.Build.0 = Release|x86
		{BC85B422-31E2-4E34-9A0F-C1C9C9A3B407}.Ad-Hoc|iPhoneSimulator.Deploy.0 = Release|x86
		{BC85B422-31E2-4E34-9A0F-C1C9C9A3B407}.Ad-Hoc|x64.ActiveCfg = Release|x64
		{BC85B422-31E2-4E34-9A0F-C1C9C9A3B407}.Ad-Hoc|x64.Build.0 = Release|x64
		{BC85B422-31E2-4E34-9A0F-C1C9C9A3B407}.Ad-Hoc|x64.Deploy.0 = Release|x64
		{BC85B422-31E2-4E34-9A0F-C1C9C9A3B407}.Ad-Hoc|x86.ActiveCfg = Release|x86
		{BC85B422-31E2-4E34-9A0F-C1C9C9A3B407}.Ad-Hoc|x86.Build.0 = Release|x86
		{BC85B422-31E2-4E34-9A0F-C1C9C9A3B407}.Ad-Hoc|x86.Deploy.0 = Release|x86
		{BC85B422-31E2-4E34-9A0F-C1C9C9A3B407}.AppStore|Any CPU.ActiveCfg = Release|x86
		{BC85B422-31E2-4E34-9A0F-C1C9C9A3B407}.AppStore|Any CPU.Build.0 = Release|x86
		{BC85B422-31E2-4E34-9A0F-C1C9C9A3B407}.AppStore|Any CPU.Deploy.0 = Release|x86
		{BC85B422-31E2-4E34-9A0F-C1C9C9A3B407}.AppStore|ARM.ActiveCfg = Release|ARM
		{BC85B422-31E2-4E34-9A0F-C1C9C9A3B407}.AppStore|ARM.Build.0 = Release|ARM
		{BC85B422-31E2-4E34-9A0F-C1C9C9A3B407}.AppStore|ARM.Deploy.0 = Release|ARM
		{BC85B422-31E2-4E34-9A0F-C1C9C9A3B407}.AppStore|iPhone.ActiveCfg = Release|x86
		{BC85B422-31E2-4E34-9A0F-C1C9C9A3B407}.AppStore|iPhone.Build.0 = Release|x86
		{BC85B422-31E2-4E34-9A0F-C1C9C9A3B407}.AppStore|iPhone.Deploy.0 = Release|x86
		{BC85B422-31E2-4E34-9A0F-C1C9C9A3B407}.AppStore|iPhoneSimulator.ActiveCfg = Release|x86
		{BC85B422-31E2-4E34-9A0F-C1C9C9A3B407}.AppStore|iPhoneSimulator.Build.0 = Release|x86
		{BC85B422-31E2-4E34-9A0F-C1C9C9A3B407}.AppStore|iPhoneSimulator.Deploy.0 = Release|x86
		{BC85B422-31E2-4E34-9A0F-C1C9C9A3B407}.AppStore|x64.ActiveCfg = Release|x64
		{BC85B422-31E2-4E34-9A0F-C1C9C9A3B407}.AppStore|x64.Build.0 = Release|x64
		{BC85B422-31E2-4E34-9A0F-C1C9C9A3B407}.AppStore|x64.Deploy.0 = Release|x64
		{BC85B422-31E2-4E34-9A0F-C1C9C9A3B407}.AppStore|x86.ActiveCfg = Release|x86
		{BC85B422-31E2-4E34-9A0F-C1C9C9A3B407}.AppStore|x86.Build.0 = Release|x86
		{BC85B422-31E2-4E34-9A0F-C1C9C9A3B407}.AppStore|x86.Deploy.0 = Release|x86
		{BC85B422-31E2-4E34-9A0F-C1C9C9A3B407}.Debug|Any CPU.ActiveCfg = Debug|x86
		{BC85B422-31E2-4E34-9A0F-C1C9C9A3B407}.Debug|ARM.ActiveCfg = Debug|ARM
		{BC85B422-31E2-4E34-9A0F-C1C9C9A3B407}.Debug|ARM.Build.0 = Debug|ARM
		{BC85B422-31E2-4E34-9A0F-C1C9C9A3B407}.Debug|ARM.Deploy.0 = Debug|ARM
		{BC85B422-31E2-4E34-9A0F-C1C9C9A3B407}.Debug|iPhone.ActiveCfg = Debug|x86
		{BC85B422-31E2-4E34-9A0F-C1C9C9A3B407}.Debug|iPhoneSimulator.ActiveCfg = Debug|x86
		{BC85B422-31E2-4E34-9A0F-C1C9C9A3B407}.Debug|x64.ActiveCfg = Debug|x64
		{BC85B422-31E2-4E34-9A0F-C1C9C9A3B407}.Debug|x64.Build.0 = Debug|x64
		{BC85B422-31E2-4E34-9A0F-C1C9C9A3B407}.Debug|x64.Deploy.0 = Debug|x64
		{BC85B422-31E2-4E34-9A0F-C1C9C9A3B407}.Debug|x86.ActiveCfg = Debug|x86
		{BC85B422-31E2-4E34-9A0F-C1C9C9A3B407}.Debug|x86.Build.0 = Debug|x86
		{BC85B422-31E2-4E34-9A0F-C1C9C9A3B407}.Debug|x86.Deploy.0 = Debug|x86
		{BC85B422-31E2-4E34-9A0F-C1C9C9A3B407}.Release|Any CPU.ActiveCfg = Release|x86
		{BC85B422-31E2-4E34-9A0F-C1C9C9A3B407}.Release|ARM.ActiveCfg = Release|ARM
		{BC85B422-31E2-4E34-9A0F-C1C9C9A3B407}.Release|ARM.Build.0 = Release|ARM
		{BC85B422-31E2-4E34-9A0F-C1C9C9A3B407}.Release|ARM.Deploy.0 = Release|ARM
		{BC85B422-31E2-4E34-9A0F-C1C9C9A3B407}.Release|iPhone.ActiveCfg = Release|x86
		{BC85B422-31E2-4E34-9A0F-C1C9C9A3B407}.Release|iPhoneSimulator.ActiveCfg = Release|x86
		{BC85B422-31E2-4E34-9A0F-C1C9C9A3B407}.Release|x64.ActiveCfg = Release|x64
		{BC85B422-31E2-4E34-9A0F-C1C9C9A3B407}.Release|x64.Build.0 = Release|x64
		{BC85B422-31E2-4E34-9A0F-C1C9C9A3B407}.Release|x64.Deploy.0 = Release|x64
		{BC85B422-31E2-4E34-9A0F-C1C9C9A3B407}.Release|x86.ActiveCfg = Release|x86
		{BC85B422-31E2-4E34-9A0F-C1C9C9A3B407}.Release|x86.Build.0 = Release|x86
		{BC85B422-31E2-4E34-9A0F-C1C9C9A3B407}.Release|x86.Deploy.0 = Release|x86
		{D8EA6C15-D0C0-450C-A3AB-0DF2EEBD98D0}.Ad-Hoc|Any CPU.ActiveCfg = Ad-Hoc|iPhone
		{D8EA6C15-D0C0-450C-A3AB-0DF2EEBD98D0}.Ad-Hoc|ARM.ActiveCfg = Ad-Hoc|iPhone
		{D8EA6C15-D0C0-450C-A3AB-0DF2EEBD98D0}.Ad-Hoc|iPhone.ActiveCfg = Ad-Hoc|iPhone
		{D8EA6C15-D0C0-450C-A3AB-0DF2EEBD98D0}.Ad-Hoc|iPhone.Build.0 = Ad-Hoc|iPhone
		{D8EA6C15-D0C0-450C-A3AB-0DF2EEBD98D0}.Ad-Hoc|iPhoneSimulator.ActiveCfg = Ad-Hoc|iPhoneSimulator
		{D8EA6C15-D0C0-450C-A3AB-0DF2EEBD98D0}.Ad-Hoc|iPhoneSimulator.Build.0 = Ad-Hoc|iPhoneSimulator
		{D8EA6C15-D0C0-450C-A3AB-0DF2EEBD98D0}.Ad-Hoc|x64.ActiveCfg = Ad-Hoc|iPhone
		{D8EA6C15-D0C0-450C-A3AB-0DF2EEBD98D0}.Ad-Hoc|x86.ActiveCfg = Ad-Hoc|iPhone
		{D8EA6C15-D0C0-450C-A3AB-0DF2EEBD98D0}.AppStore|Any CPU.ActiveCfg = AppStore|iPhone
		{D8EA6C15-D0C0-450C-A3AB-0DF2EEBD98D0}.AppStore|ARM.ActiveCfg = AppStore|iPhone
		{D8EA6C15-D0C0-450C-A3AB-0DF2EEBD98D0}.AppStore|iPhone.ActiveCfg = AppStore|iPhone
		{D8EA6C15-D0C0-450C-A3AB-0DF2EEBD98D0}.AppStore|iPhone.Build.0 = AppStore|iPhone
		{D8EA6C15-D0C0-450C-A3AB-0DF2EEBD98D0}.AppStore|iPhoneSimulator.ActiveCfg = AppStore|iPhoneSimulator
		{D8EA6C15-D0C0-450C-A3AB-0DF2EEBD98D0}.AppStore|iPhoneSimulator.Build.0 = AppStore|iPhoneSimulator
		{D8EA6C15-D0C0-450C-A3AB-0DF2EEBD98D0}.AppStore|x64.ActiveCfg = AppStore|iPhone
		{D8EA6C15-D0C0-450C-A3AB-0DF2EEBD98D0}.AppStore|x86.ActiveCfg = AppStore|iPhone
		{D8EA6C15-D0C0-450C-A3AB-0DF2EEBD98D0}.Debug|Any CPU.ActiveCfg = Debug|iPhone
		{D8EA6C15-D0C0-450C-A3AB-0DF2EEBD98D0}.Debug|ARM.ActiveCfg = Debug|iPhone
		{D8EA6C15-D0C0-450C-A3AB-0DF2EEBD98D0}.Debug|iPhone.ActiveCfg = Debug|iPhone
		{D8EA6C15-D0C0-450C-A3AB-0DF2EEBD98D0}.Debug|iPhone.Build.0 = Debug|iPhone
		{D8EA6C15-D0C0-450C-A3AB-0DF2EEBD98D0}.Debug|iPhoneSimulator.ActiveCfg = Debug|iPhoneSimulator
		{D8EA6C15-D0C0-450C-A3AB-0DF2EEBD98D0}.Debug|iPhoneSimulator.Build.0 = Debug|iPhoneSimulator
		{D8EA6C15-D0C0-450C-A3AB-0DF2EEBD98D0}.Debug|x64.ActiveCfg = Debug|iPhone
		{D8EA6C15-D0C0-450C-A3AB-0DF2EEBD98D0}.Debug|x86.ActiveCfg = Debug|iPhone
		{D8EA6C15-D0C0-450C-A3AB-0DF2EEBD98D0}.Release|Any CPU.ActiveCfg = Release|iPhone
		{D8EA6C15-D0C0-450C-A3AB-0DF2EEBD98D0}.Release|ARM.ActiveCfg = Release|iPhone
		{D8EA6C15-D0C0-450C-A3AB-0DF2EEBD98D0}.Release|iPhone.ActiveCfg = Release|iPhone
		{D8EA6C15-D0C0-450C-A3AB-0DF2EEBD98D0}.Release|iPhone.Build.0 = Release|iPhone
		{D8EA6C15-D0C0-450C-A3AB-0DF2EEBD98D0}.Release|iPhoneSimulator.ActiveCfg = Release|iPhoneSimulator
		{D8EA6C15-D0C0-450C-A3AB-0DF2EEBD98D0}.Release|iPhoneSimulator.Build.0 = Release|iPhoneSimulator
		{D8EA6C15-D0C0-450C-A3AB-0DF2EEBD98D0}.Release|x64.ActiveCfg = Release|iPhone
		{D8EA6C15-D0C0-450C-A3AB-0DF2EEBD98D0}.Release|x86.ActiveCfg = Release|iPhone
		{C99C91B6-23DA-4F5B-8FB9-68897091A32A}.Ad-Hoc|Any CPU.ActiveCfg = Release|Any CPU
		{C99C91B6-23DA-4F5B-8FB9-68897091A32A}.Ad-Hoc|Any CPU.Build.0 = Release|Any CPU
		{C99C91B6-23DA-4F5B-8FB9-68897091A32A}.Ad-Hoc|ARM.ActiveCfg = Release|Any CPU
		{C99C91B6-23DA-4F5B-8FB9-68897091A32A}.Ad-Hoc|ARM.Build.0 = Release|Any CPU
		{C99C91B6-23DA-4F5B-8FB9-68897091A32A}.Ad-Hoc|iPhone.ActiveCfg = Release|Any CPU
		{C99C91B6-23DA-4F5B-8FB9-68897091A32A}.Ad-Hoc|iPhone.Build.0 = Release|Any CPU
		{C99C91B6-23DA-4F5B-8FB9-68897091A32A}.Ad-Hoc|iPhoneSimulator.ActiveCfg = Release|Any CPU
		{C99C91B6-23DA-4F5B-8FB9-68897091A32A}.Ad-Hoc|iPhoneSimulator.Build.0 = Release|Any CPU
		{C99C91B6-23DA-4F5B-8FB9-68897091A32A}.Ad-Hoc|x64.ActiveCfg = Release|Any CPU
		{C99C91B6-23DA-4F5B-8FB9-68897091A32A}.Ad-Hoc|x64.Build.0 = Release|Any CPU
		{C99C91B6-23DA-4F5B-8FB9-68897091A32A}.Ad-Hoc|x86.ActiveCfg = Release|Any CPU
		{C99C91B6-23DA-4F5B-8FB9-68897091A32A}.Ad-Hoc|x86.Build.0 = Release|Any CPU
		{C99C91B6-23DA-4F5B-8FB9-68897091A32A}.AppStore|Any CPU.ActiveCfg = Release|Any CPU
		{C99C91B6-23DA-4F5B-8FB9-68897091A32A}.AppStore|Any CPU.Build.0 = Release|Any CPU
		{C99C91B6-23DA-4F5B-8FB9-68897091A32A}.AppStore|ARM.ActiveCfg = Release|Any CPU
		{C99C91B6-23DA-4F5B-8FB9-68897091A32A}.AppStore|ARM.Build.0 = Release|Any CPU
		{C99C91B6-23DA-4F5B-8FB9-68897091A32A}.AppStore|iPhone.ActiveCfg = Release|Any CPU
		{C99C91B6-23DA-4F5B-8FB9-68897091A32A}.AppStore|iPhone.Build.0 = Release|Any CPU
		{C99C91B6-23DA-4F5B-8FB9-68897091A32A}.AppStore|iPhoneSimulator.ActiveCfg = Release|Any CPU
		{C99C91B6-23DA-4F5B-8FB9-68897091A32A}.AppStore|iPhoneSimulator.Build.0 = Release|Any CPU
		{C99C91B6-23DA-4F5B-8FB9-68897091A32A}.AppStore|x64.ActiveCfg = Release|Any CPU
		{C99C91B6-23DA-4F5B-8FB9-68897091A32A}.AppStore|x64.Build.0 = Release|Any CPU
		{C99C91B6-23DA-4F5B-8FB9-68897091A32A}.AppStore|x86.ActiveCfg = Release|Any CPU
		{C99C91B6-23DA-4F5B-8FB9-68897091A32A}.AppStore|x86.Build.0 = Release|Any CPU
		{C99C91B6-23DA-4F5B-8FB9-68897091A32A}.Debug|Any CPU.ActiveCfg = Debug|Any CPU
		{C99C91B6-23DA-4F5B-8FB9-68897091A32A}.Debug|Any CPU.Build.0 = Debug|Any CPU
		{C99C91B6-23DA-4F5B-8FB9-68897091A32A}.Debug|ARM.ActiveCfg = Debug|Any CPU
		{C99C91B6-23DA-4F5B-8FB9-68897091A32A}.Debug|ARM.Build.0 = Debug|Any CPU
		{C99C91B6-23DA-4F5B-8FB9-68897091A32A}.Debug|iPhone.ActiveCfg = Debug|Any CPU
		{C99C91B6-23DA-4F5B-8FB9-68897091A32A}.Debug|iPhone.Build.0 = Debug|Any CPU
		{C99C91B6-23DA-4F5B-8FB9-68897091A32A}.Debug|iPhoneSimulator.ActiveCfg = Debug|Any CPU
		{C99C91B6-23DA-4F5B-8FB9-68897091A32A}.Debug|iPhoneSimulator.Build.0 = Debug|Any CPU
		{C99C91B6-23DA-4F5B-8FB9-68897091A32A}.Debug|x64.ActiveCfg = Debug|Any CPU
		{C99C91B6-23DA-4F5B-8FB9-68897091A32A}.Debug|x64.Build.0 = Debug|Any CPU
		{C99C91B6-23DA-4F5B-8FB9-68897091A32A}.Debug|x86.ActiveCfg = Debug|Any CPU
		{C99C91B6-23DA-4F5B-8FB9-68897091A32A}.Debug|x86.Build.0 = Debug|Any CPU
		{C99C91B6-23DA-4F5B-8FB9-68897091A32A}.Release|Any CPU.ActiveCfg = Release|Any CPU
		{C99C91B6-23DA-4F5B-8FB9-68897091A32A}.Release|Any CPU.Build.0 = Release|Any CPU
		{C99C91B6-23DA-4F5B-8FB9-68897091A32A}.Release|ARM.ActiveCfg = Release|Any CPU
		{C99C91B6-23DA-4F5B-8FB9-68897091A32A}.Release|ARM.Build.0 = Release|Any CPU
		{C99C91B6-23DA-4F5B-8FB9-68897091A32A}.Release|iPhone.ActiveCfg = Release|Any CPU
		{C99C91B6-23DA-4F5B-8FB9-68897091A32A}.Release|iPhone.Build.0 = Release|Any CPU
		{C99C91B6-23DA-4F5B-8FB9-68897091A32A}.Release|iPhoneSimulator.ActiveCfg = Release|Any CPU
		{C99C91B6-23DA-4F5B-8FB9-68897091A32A}.Release|iPhoneSimulator.Build.0 = Release|Any CPU
		{C99C91B6-23DA-4F5B-8FB9-68897091A32A}.Release|x64.ActiveCfg = Release|Any CPU
		{C99C91B6-23DA-4F5B-8FB9-68897091A32A}.Release|x64.Build.0 = Release|Any CPU
		{C99C91B6-23DA-4F5B-8FB9-68897091A32A}.Release|x86.ActiveCfg = Release|Any CPU
		{C99C91B6-23DA-4F5B-8FB9-68897091A32A}.Release|x86.Build.0 = Release|Any CPU
	EndGlobalSection
	GlobalSection(SolutionProperties) = preSolution
		HideSolutionNode = FALSE
	EndGlobalSection
EndGlobal
